// !$*UTF8*$!
{
	archiveVersion = 1;
	classes = {
	};
	objectVersion = 50;
	objects = {

/* Begin PBXBuildFile section */
		AE9027B922D082F2007CC378 /* TeamResponse.swift in Sources */ = {isa = PBXBuildFile; fileRef = AE9027B822D082F2007CC378 /* TeamResponse.swift */; };
		AE9027BB22D08389007CC378 /* TeamRequest.swift in Sources */ = {isa = PBXBuildFile; fileRef = AE9027BA22D08389007CC378 /* TeamRequest.swift */; };
		AE9027BE22D083DC007CC378 /* Team.swift in Sources */ = {isa = PBXBuildFile; fileRef = AE9027BD22D083DC007CC378 /* Team.swift */; };
		AE9027C022D08959007CC378 /* APIRequest.swift in Sources */ = {isa = PBXBuildFile; fileRef = AE9027BF22D08959007CC378 /* APIRequest.swift */; };
		AE9027C222D08FA1007CC378 /* ApiRequest.swift in Sources */ = {isa = PBXBuildFile; fileRef = AE9027C122D08FA1007CC378 /* ApiRequest.swift */; };
		AE9027C522D09E4D007CC378 /* UIImageView+Ex.swift in Sources */ = {isa = PBXBuildFile; fileRef = AE9027C422D09E4D007CC378 /* UIImageView+Ex.swift */; };
		AE9027CC22D0A483007CC378 /* TeamDetailViewController.storyboard in Resources */ = {isa = PBXBuildFile; fileRef = AE9027CB22D0A483007CC378 /* TeamDetailViewController.storyboard */; };
		AE9027CE22D0A517007CC378 /* TeamDetailViewController.swift in Sources */ = {isa = PBXBuildFile; fileRef = AE9027CD22D0A517007CC378 /* TeamDetailViewController.swift */; };
		AE9027D022D0A718007CC378 /* TeamDetailHeaderView.xib in Resources */ = {isa = PBXBuildFile; fileRef = AE9027CF22D0A717007CC378 /* TeamDetailHeaderView.xib */; };
		AE9027D222D0A726007CC378 /* TeamDetailHeaderView.swift in Sources */ = {isa = PBXBuildFile; fileRef = AE9027D122D0A726007CC378 /* TeamDetailHeaderView.swift */; };
		AE9027D622D0F252007CC378 /* SportTalkListCell.xib in Resources */ = {isa = PBXBuildFile; fileRef = AE9027D522D0F252007CC378 /* SportTalkListCell.xib */; };
		AE9027D822D0FFCB007CC378 /* Player.swift in Sources */ = {isa = PBXBuildFile; fileRef = AE9027D722D0FFCB007CC378 /* Player.swift */; };
		AE9027DA22D10202007CC378 /* PlayerCell.xib in Resources */ = {isa = PBXBuildFile; fileRef = AE9027D922D10202007CC378 /* PlayerCell.xib */; };
		AE9027DC22D10214007CC378 /* PlayerCell.swift in Sources */ = {isa = PBXBuildFile; fileRef = AE9027DB22D10214007CC378 /* PlayerCell.swift */; };
		AE9027DF22D10458007CC378 /* TeamDetailViewModel.swift in Sources */ = {isa = PBXBuildFile; fileRef = AE9027DE22D10458007CC378 /* TeamDetailViewModel.swift */; };
		AE9027E122D1048C007CC378 /* TeamDetailDataProvider.swift in Sources */ = {isa = PBXBuildFile; fileRef = AE9027E022D1048C007CC378 /* TeamDetailDataProvider.swift */; };
		AE9027E322D184D4007CC378 /* AIView.xib in Resources */ = {isa = PBXBuildFile; fileRef = AE9027E222D184D4007CC378 /* AIView.xib */; };
		AE9027E522D184DF007CC378 /* AIView.swift in Sources */ = {isa = PBXBuildFile; fileRef = AE9027E422D184DF007CC378 /* AIView.swift */; };
		AEE270132267239E00BF4A3A /* AppDelegate.swift in Sources */ = {isa = PBXBuildFile; fileRef = AEE270122267239E00BF4A3A /* AppDelegate.swift */; };
		AEE2701B2267239E00BF4A3A /* football_iOS.xcdatamodeld in Sources */ = {isa = PBXBuildFile; fileRef = AEE270192267239E00BF4A3A /* football_iOS.xcdatamodeld */; };
		AEE2701D2267239F00BF4A3A /* Assets.xcassets in Resources */ = {isa = PBXBuildFile; fileRef = AEE2701C2267239F00BF4A3A /* Assets.xcassets */; };
		AEE2702B2267239F00BF4A3A /* football_iOSTests.swift in Sources */ = {isa = PBXBuildFile; fileRef = AEE2702A2267239F00BF4A3A /* football_iOSTests.swift */; };
		AEE270422267241700BF4A3A /* SportsTalkDataProvider.swift in Sources */ = {isa = PBXBuildFile; fileRef = AEE2703C2267241700BF4A3A /* SportsTalkDataProvider.swift */; };
		AEE270432267241700BF4A3A /* SportTalkListViewModel.swift in Sources */ = {isa = PBXBuildFile; fileRef = AEE2703D2267241700BF4A3A /* SportTalkListViewModel.swift */; };
		AEE270442267241700BF4A3A /* SportTalkListViewController.storyboard in Resources */ = {isa = PBXBuildFile; fileRef = AEE2703E2267241700BF4A3A /* SportTalkListViewController.storyboard */; };
		AEE270452267241700BF4A3A /* SportTalkListViewController.swift in Sources */ = {isa = PBXBuildFile; fileRef = AEE2703F2267241700BF4A3A /* SportTalkListViewController.swift */; };
		AEE270462267241700BF4A3A /* SportTalkListCell.swift in Sources */ = {isa = PBXBuildFile; fileRef = AEE270402267241700BF4A3A /* SportTalkListCell.swift */; };
		C41EA14574D158215381A54A /* Pods_football_iOSTests.framework in Frameworks */ = {isa = PBXBuildFile; fileRef = 4FBA1855F1DE2AA5F80CC631 /* Pods_football_iOSTests.framework */; };
		CEF3AFFFF75130DE087FF916 /* Pods_football_iOS.framework in Frameworks */ = {isa = PBXBuildFile; fileRef = 5549914F87BE8C4FBF628CA3 /* Pods_football_iOS.framework */; };
/* End PBXBuildFile section */

/* Begin PBXContainerItemProxy section */
		AEE270272267239F00BF4A3A /* PBXContainerItemProxy */ = {
			isa = PBXContainerItemProxy;
			containerPortal = AEE270072267239E00BF4A3A /* Project object */;
			proxyType = 1;
			remoteGlobalIDString = AEE2700E2267239E00BF4A3A;
			remoteInfo = "football-iOS";
		};
/* End PBXContainerItemProxy section */

/* Begin PBXFileReference section */
		08A1CC18BCB77CB2432F3914 /* Pods-football-iOS.release.xcconfig */ = {isa = PBXFileReference; includeInIndex = 1; lastKnownFileType = text.xcconfig; name = "Pods-football-iOS.release.xcconfig"; path = "Pods/Target Support Files/Pods-football-iOS/Pods-football-iOS.release.xcconfig"; sourceTree = "<group>"; };
		1BF9EFB09D966C9D0A103986 /* Pods-football-iOSTests.debug.xcconfig */ = {isa = PBXFileReference; includeInIndex = 1; lastKnownFileType = text.xcconfig; name = "Pods-football-iOSTests.debug.xcconfig"; path = "Pods/Target Support Files/Pods-football-iOSTests/Pods-football-iOSTests.debug.xcconfig"; sourceTree = "<group>"; };
		4FBA1855F1DE2AA5F80CC631 /* Pods_football_iOSTests.framework */ = {isa = PBXFileReference; explicitFileType = wrapper.framework; includeInIndex = 0; path = Pods_football_iOSTests.framework; sourceTree = BUILT_PRODUCTS_DIR; };
		5549914F87BE8C4FBF628CA3 /* Pods_football_iOS.framework */ = {isa = PBXFileReference; explicitFileType = wrapper.framework; includeInIndex = 0; path = Pods_football_iOS.framework; sourceTree = BUILT_PRODUCTS_DIR; };
		59152F3130019417C7AE78D5 /* Pods-football-iOS.debug.xcconfig */ = {isa = PBXFileReference; includeInIndex = 1; lastKnownFileType = text.xcconfig; name = "Pods-football-iOS.debug.xcconfig"; path = "Pods/Target Support Files/Pods-football-iOS/Pods-football-iOS.debug.xcconfig"; sourceTree = "<group>"; };
		AE9027B822D082F2007CC378 /* TeamResponse.swift */ = {isa = PBXFileReference; lastKnownFileType = sourcecode.swift; path = TeamResponse.swift; sourceTree = "<group>"; };
		AE9027BA22D08389007CC378 /* TeamRequest.swift */ = {isa = PBXFileReference; fileEncoding = 4; lastKnownFileType = sourcecode.swift; path = TeamRequest.swift; sourceTree = "<group>"; };
		AE9027BD22D083DC007CC378 /* Team.swift */ = {isa = PBXFileReference; fileEncoding = 4; lastKnownFileType = sourcecode.swift; path = Team.swift; sourceTree = "<group>"; };
		AE9027BF22D08959007CC378 /* APIRequest.swift */ = {isa = PBXFileReference; fileEncoding = 4; lastKnownFileType = sourcecode.swift; path = APIRequest.swift; sourceTree = "<group>"; };
		AE9027C122D08FA1007CC378 /* ApiRequest.swift */ = {isa = PBXFileReference; fileEncoding = 4; lastKnownFileType = sourcecode.swift; name = ApiRequest.swift; path = "../../../lifesports-ios/LifeSport/Network/ApiRequest.swift"; sourceTree = "<group>"; };
		AE9027C422D09E4D007CC378 /* UIImageView+Ex.swift */ = {isa = PBXFileReference; lastKnownFileType = sourcecode.swift; path = "UIImageView+Ex.swift"; sourceTree = "<group>"; };
		AE9027CB22D0A483007CC378 /* TeamDetailViewController.storyboard */ = {isa = PBXFileReference; fileEncoding = 4; lastKnownFileType = file.storyboard; path = TeamDetailViewController.storyboard; sourceTree = "<group>"; };
		AE9027CD22D0A517007CC378 /* TeamDetailViewController.swift */ = {isa = PBXFileReference; fileEncoding = 4; lastKnownFileType = sourcecode.swift; path = TeamDetailViewController.swift; sourceTree = "<group>"; };
		AE9027CF22D0A717007CC378 /* TeamDetailHeaderView.xib */ = {isa = PBXFileReference; lastKnownFileType = file.xib; path = TeamDetailHeaderView.xib; sourceTree = "<group>"; };
		AE9027D122D0A726007CC378 /* TeamDetailHeaderView.swift */ = {isa = PBXFileReference; fileEncoding = 4; lastKnownFileType = sourcecode.swift; path = TeamDetailHeaderView.swift; sourceTree = "<group>"; };
		AE9027D522D0F252007CC378 /* SportTalkListCell.xib */ = {isa = PBXFileReference; lastKnownFileType = file.xib; path = SportTalkListCell.xib; sourceTree = "<group>"; };
		AE9027D722D0FFCB007CC378 /* Player.swift */ = {isa = PBXFileReference; fileEncoding = 4; lastKnownFileType = sourcecode.swift; path = Player.swift; sourceTree = "<group>"; };
		AE9027D922D10202007CC378 /* PlayerCell.xib */ = {isa = PBXFileReference; fileEncoding = 4; lastKnownFileType = file.xib; path = PlayerCell.xib; sourceTree = "<group>"; };
		AE9027DB22D10214007CC378 /* PlayerCell.swift */ = {isa = PBXFileReference; fileEncoding = 4; lastKnownFileType = sourcecode.swift; path = PlayerCell.swift; sourceTree = "<group>"; };
		AE9027DE22D10458007CC378 /* TeamDetailViewModel.swift */ = {isa = PBXFileReference; fileEncoding = 4; lastKnownFileType = sourcecode.swift; path = TeamDetailViewModel.swift; sourceTree = "<group>"; };
		AE9027E022D1048C007CC378 /* TeamDetailDataProvider.swift */ = {isa = PBXFileReference; fileEncoding = 4; lastKnownFileType = sourcecode.swift; path = TeamDetailDataProvider.swift; sourceTree = "<group>"; };
		AE9027E222D184D4007CC378 /* AIView.xib */ = {isa = PBXFileReference; fileEncoding = 4; lastKnownFileType = file.xib; path = AIView.xib; sourceTree = "<group>"; };
		AE9027E422D184DF007CC378 /* AIView.swift */ = {isa = PBXFileReference; fileEncoding = 4; lastKnownFileType = sourcecode.swift; path = AIView.swift; sourceTree = "<group>"; };
		AEE2700F2267239E00BF4A3A /* football-iOS.app */ = {isa = PBXFileReference; explicitFileType = wrapper.application; includeInIndex = 0; path = "football-iOS.app"; sourceTree = BUILT_PRODUCTS_DIR; };
		AEE270122267239E00BF4A3A /* AppDelegate.swift */ = {isa = PBXFileReference; lastKnownFileType = sourcecode.swift; path = AppDelegate.swift; sourceTree = "<group>"; };
		AEE2701A2267239E00BF4A3A /* football_iOS.xcdatamodel */ = {isa = PBXFileReference; lastKnownFileType = wrapper.xcdatamodel; path = football_iOS.xcdatamodel; sourceTree = "<group>"; };
		AEE2701C2267239F00BF4A3A /* Assets.xcassets */ = {isa = PBXFileReference; lastKnownFileType = folder.assetcatalog; path = Assets.xcassets; sourceTree = "<group>"; };
		AEE270212267239F00BF4A3A /* Info.plist */ = {isa = PBXFileReference; lastKnownFileType = text.plist.xml; path = Info.plist; sourceTree = "<group>"; };
		AEE270262267239F00BF4A3A /* football-iOSTests.xctest */ = {isa = PBXFileReference; explicitFileType = wrapper.cfbundle; includeInIndex = 0; path = "football-iOSTests.xctest"; sourceTree = BUILT_PRODUCTS_DIR; };
		AEE2702A2267239F00BF4A3A /* football_iOSTests.swift */ = {isa = PBXFileReference; lastKnownFileType = sourcecode.swift; path = football_iOSTests.swift; sourceTree = "<group>"; };
		AEE2702C2267239F00BF4A3A /* Info.plist */ = {isa = PBXFileReference; lastKnownFileType = text.plist.xml; path = Info.plist; sourceTree = "<group>"; };
		AEE2703C2267241700BF4A3A /* SportsTalkDataProvider.swift */ = {isa = PBXFileReference; fileEncoding = 4; lastKnownFileType = sourcecode.swift; path = SportsTalkDataProvider.swift; sourceTree = "<group>"; };
		AEE2703D2267241700BF4A3A /* SportTalkListViewModel.swift */ = {isa = PBXFileReference; fileEncoding = 4; lastKnownFileType = sourcecode.swift; path = SportTalkListViewModel.swift; sourceTree = "<group>"; };
		AEE2703E2267241700BF4A3A /* SportTalkListViewController.storyboard */ = {isa = PBXFileReference; fileEncoding = 4; lastKnownFileType = file.storyboard; path = SportTalkListViewController.storyboard; sourceTree = "<group>"; };
		AEE2703F2267241700BF4A3A /* SportTalkListViewController.swift */ = {isa = PBXFileReference; fileEncoding = 4; lastKnownFileType = sourcecode.swift; path = SportTalkListViewController.swift; sourceTree = "<group>"; };
		AEE270402267241700BF4A3A /* SportTalkListCell.swift */ = {isa = PBXFileReference; fileEncoding = 4; lastKnownFileType = sourcecode.swift; path = SportTalkListCell.swift; sourceTree = "<group>"; };
		CB74C4C502D8247B409D528E /* Pods-football-iOSTests.release.xcconfig */ = {isa = PBXFileReference; includeInIndex = 1; lastKnownFileType = text.xcconfig; name = "Pods-football-iOSTests.release.xcconfig"; path = "Pods/Target Support Files/Pods-football-iOSTests/Pods-football-iOSTests.release.xcconfig"; sourceTree = "<group>"; };
/* End PBXFileReference section */

/* Begin PBXFrameworksBuildPhase section */
		AEE2700C2267239E00BF4A3A /* Frameworks */ = {
			isa = PBXFrameworksBuildPhase;
			buildActionMask = 2147483647;
			files = (
				CEF3AFFFF75130DE087FF916 /* Pods_football_iOS.framework in Frameworks */,
			);
			runOnlyForDeploymentPostprocessing = 0;
		};
		AEE270232267239F00BF4A3A /* Frameworks */ = {
			isa = PBXFrameworksBuildPhase;
			buildActionMask = 2147483647;
			files = (
				C41EA14574D158215381A54A /* Pods_football_iOSTests.framework in Frameworks */,
			);
			runOnlyForDeploymentPostprocessing = 0;
		};
/* End PBXFrameworksBuildPhase section */

/* Begin PBXGroup section */
		2F50A5CD1A4D9D385519D37A /* Pods */ = {
			isa = PBXGroup;
			children = (
				59152F3130019417C7AE78D5 /* Pods-football-iOS.debug.xcconfig */,
				08A1CC18BCB77CB2432F3914 /* Pods-football-iOS.release.xcconfig */,
				1BF9EFB09D966C9D0A103986 /* Pods-football-iOSTests.debug.xcconfig */,
				CB74C4C502D8247B409D528E /* Pods-football-iOSTests.release.xcconfig */,
			);
			name = Pods;
			sourceTree = "<group>";
		};
		4B3B1B7DE7DFCCFCE2E2400A /* Frameworks */ = {
			isa = PBXGroup;
			children = (
				5549914F87BE8C4FBF628CA3 /* Pods_football_iOS.framework */,
				4FBA1855F1DE2AA5F80CC631 /* Pods_football_iOSTests.framework */,
			);
			name = Frameworks;
			sourceTree = "<group>";
		};
		AE9027B722D08216007CC378 /* API */ = {
			isa = PBXGroup;
			children = (
				AE9027C122D08FA1007CC378 /* ApiRequest.swift */,
				AE9027BF22D08959007CC378 /* APIRequest.swift */,
				AE9027B822D082F2007CC378 /* TeamResponse.swift */,
				AE9027BA22D08389007CC378 /* TeamRequest.swift */,
			);
			path = API;
			sourceTree = "<group>";
		};
		AE9027BC22D083CE007CC378 /* Model */ = {
			isa = PBXGroup;
			children = (
				AE9027BD22D083DC007CC378 /* Team.swift */,
				AE9027D722D0FFCB007CC378 /* Player.swift */,
			);
			path = Model;
			sourceTree = "<group>";
		};
		AE9027C322D09E31007CC378 /* ex */ = {
			isa = PBXGroup;
			children = (
				AE9027C422D09E4D007CC378 /* UIImageView+Ex.swift */,
			);
			path = ex;
			sourceTree = "<group>";
		};
		AE9027DD22D103F4007CC378 /* TeamDetail */ = {
			isa = PBXGroup;
			children = (
				AE9027CB22D0A483007CC378 /* TeamDetailViewController.storyboard */,
				AE9027DE22D10458007CC378 /* TeamDetailViewModel.swift */,
				AE9027CD22D0A517007CC378 /* TeamDetailViewController.swift */,
				AE9027D122D0A726007CC378 /* TeamDetailHeaderView.swift */,
				AE9027CF22D0A717007CC378 /* TeamDetailHeaderView.xib */,
				AE9027E022D1048C007CC378 /* TeamDetailDataProvider.swift */,
				AE9027DB22D10214007CC378 /* PlayerCell.swift */,
				AE9027D922D10202007CC378 /* PlayerCell.xib */,
				AE9027E422D184DF007CC378 /* AIView.swift */,
				AE9027E222D184D4007CC378 /* AIView.xib */,
			);
			path = TeamDetail;
			sourceTree = "<group>";
		};
		AEE270062267239E00BF4A3A = {
			isa = PBXGroup;
			children = (
				AEE270112267239E00BF4A3A /* football-iOS */,
				AEE270292267239F00BF4A3A /* football-iOSTests */,
				AEE270102267239E00BF4A3A /* Products */,
				2F50A5CD1A4D9D385519D37A /* Pods */,
				4B3B1B7DE7DFCCFCE2E2400A /* Frameworks */,
			);
			sourceTree = "<group>";
		};
		AEE270102267239E00BF4A3A /* Products */ = {
			isa = PBXGroup;
			children = (
				AEE2700F2267239E00BF4A3A /* football-iOS.app */,
				AEE270262267239F00BF4A3A /* football-iOSTests.xctest */,
			);
			name = Products;
			sourceTree = "<group>";
		};
		AEE270112267239E00BF4A3A /* football-iOS */ = {
			isa = PBXGroup;
			children = (
				AE9027C322D09E31007CC378 /* ex */,
				AE9027BC22D083CE007CC378 /* Model */,
				AE9027B722D08216007CC378 /* API */,
				AEE270122267239E00BF4A3A /* AppDelegate.swift */,
				AEE2703A2267241700BF4A3A /* viewController */,
				AEE2701C2267239F00BF4A3A /* Assets.xcassets */,
				AEE270212267239F00BF4A3A /* Info.plist */,
				AEE270192267239E00BF4A3A /* football_iOS.xcdatamodeld */,
			);
			path = "football-iOS";
			sourceTree = "<group>";
		};
		AEE270292267239F00BF4A3A /* football-iOSTests */ = {
			isa = PBXGroup;
			children = (
				AEE2702A2267239F00BF4A3A /* football_iOSTests.swift */,
				AEE2702C2267239F00BF4A3A /* Info.plist */,
			);
			path = "football-iOSTests";
			sourceTree = "<group>";
		};
		AEE2703A2267241700BF4A3A /* viewController */ = {
			isa = PBXGroup;
			children = (
				AE9027DD22D103F4007CC378 /* TeamDetail */,
				AEE2703C2267241700BF4A3A /* SportsTalkDataProvider.swift */,
				AEE2703D2267241700BF4A3A /* SportTalkListViewModel.swift */,
				AEE2703E2267241700BF4A3A /* SportTalkListViewController.storyboard */,
				AEE2703F2267241700BF4A3A /* SportTalkListViewController.swift */,
				AEE270402267241700BF4A3A /* SportTalkListCell.swift */,
				AE9027D522D0F252007CC378 /* SportTalkListCell.xib */,
			);
			path = viewController;
			sourceTree = "<group>";
		};
/* End PBXGroup section */

/* Begin PBXNativeTarget section */
		AEE2700E2267239E00BF4A3A /* football-iOS */ = {
			isa = PBXNativeTarget;
			buildConfigurationList = AEE2702F2267239F00BF4A3A /* Build configuration list for PBXNativeTarget "football-iOS" */;
			buildPhases = (
				9440FEAFA542796DAED1CE69 /* [CP] Check Pods Manifest.lock */,
				AEE2700B2267239E00BF4A3A /* Sources */,
				AEE2700C2267239E00BF4A3A /* Frameworks */,
				AEE2700D2267239E00BF4A3A /* Resources */,
				E34847ABDCABF28242FDF90C /* [CP] Embed Pods Frameworks */,
			);
			buildRules = (
			);
			dependencies = (
			);
			name = "football-iOS";
			productName = "football-iOS";
			productReference = AEE2700F2267239E00BF4A3A /* football-iOS.app */;
			productType = "com.apple.product-type.application";
		};
		AEE270252267239F00BF4A3A /* football-iOSTests */ = {
			isa = PBXNativeTarget;
			buildConfigurationList = AEE270322267239F00BF4A3A /* Build configuration list for PBXNativeTarget "football-iOSTests" */;
			buildPhases = (
				AEC82811EC401374930CD310 /* [CP] Check Pods Manifest.lock */,
				AEE270222267239F00BF4A3A /* Sources */,
				AEE270232267239F00BF4A3A /* Frameworks */,
				AEE270242267239F00BF4A3A /* Resources */,
			);
			buildRules = (
			);
			dependencies = (
				AEE270282267239F00BF4A3A /* PBXTargetDependency */,
			);
			name = "football-iOSTests";
			productName = "football-iOSTests";
			productReference = AEE270262267239F00BF4A3A /* football-iOSTests.xctest */;
			productType = "com.apple.product-type.bundle.unit-test";
		};
/* End PBXNativeTarget section */

/* Begin PBXProject section */
		AEE270072267239E00BF4A3A /* Project object */ = {
			isa = PBXProject;
			attributes = {
				LastSwiftUpdateCheck = 1020;
				LastUpgradeCheck = 1020;
				ORGANIZATIONNAME = "遠藤拓弥\b";
				TargetAttributes = {
					AEE2700E2267239E00BF4A3A = {
						CreatedOnToolsVersion = 10.2;
					};
					AEE270252267239F00BF4A3A = {
						CreatedOnToolsVersion = 10.2;
						TestTargetID = AEE2700E2267239E00BF4A3A;
					};
				};
			};
			buildConfigurationList = AEE2700A2267239E00BF4A3A /* Build configuration list for PBXProject "football-iOS" */;
			compatibilityVersion = "Xcode 9.3";
			developmentRegion = en;
			hasScannedForEncodings = 0;
			knownRegions = (
				en,
				Base,
			);
			mainGroup = AEE270062267239E00BF4A3A;
			productRefGroup = AEE270102267239E00BF4A3A /* Products */;
			projectDirPath = "";
			projectRoot = "";
			targets = (
				AEE2700E2267239E00BF4A3A /* football-iOS */,
				AEE270252267239F00BF4A3A /* football-iOSTests */,
			);
		};
/* End PBXProject section */

/* Begin PBXResourcesBuildPhase section */
		AEE2700D2267239E00BF4A3A /* Resources */ = {
			isa = PBXResourcesBuildPhase;
			buildActionMask = 2147483647;
			files = (
				AE9027E322D184D4007CC378 /* AIView.xib in Resources */,
				AE9027DA22D10202007CC378 /* PlayerCell.xib in Resources */,
				AE9027D622D0F252007CC378 /* SportTalkListCell.xib in Resources */,
				AEE2701D2267239F00BF4A3A /* Assets.xcassets in Resources */,
				AEE270442267241700BF4A3A /* SportTalkListViewController.storyboard in Resources */,
				AE9027D022D0A718007CC378 /* TeamDetailHeaderView.xib in Resources */,
				AE9027CC22D0A483007CC378 /* TeamDetailViewController.storyboard in Resources */,
			);
			runOnlyForDeploymentPostprocessing = 0;
		};
		AEE270242267239F00BF4A3A /* Resources */ = {
			isa = PBXResourcesBuildPhase;
			buildActionMask = 2147483647;
			files = (
			);
			runOnlyForDeploymentPostprocessing = 0;
		};
/* End PBXResourcesBuildPhase section */

/* Begin PBXShellScriptBuildPhase section */
		9440FEAFA542796DAED1CE69 /* [CP] Check Pods Manifest.lock */ = {
			isa = PBXShellScriptBuildPhase;
			buildActionMask = 2147483647;
			files = (
			);
			inputFileListPaths = (
			);
			inputPaths = (
				"${PODS_PODFILE_DIR_PATH}/Podfile.lock",
				"${PODS_ROOT}/Manifest.lock",
			);
			name = "[CP] Check Pods Manifest.lock";
			outputFileListPaths = (
			);
			outputPaths = (
				"$(DERIVED_FILE_DIR)/Pods-football-iOS-checkManifestLockResult.txt",
			);
			runOnlyForDeploymentPostprocessing = 0;
			shellPath = /bin/sh;
			shellScript = "diff \"${PODS_PODFILE_DIR_PATH}/Podfile.lock\" \"${PODS_ROOT}/Manifest.lock\" > /dev/null\nif [ $? != 0 ] ; then\n    # print error to STDERR\n    echo \"error: The sandbox is not in sync with the Podfile.lock. Run 'pod install' or update your CocoaPods installation.\" >&2\n    exit 1\nfi\n# This output is used by Xcode 'outputs' to avoid re-running this script phase.\necho \"SUCCESS\" > \"${SCRIPT_OUTPUT_FILE_0}\"\n";
			showEnvVarsInLog = 0;
		};
		AEC82811EC401374930CD310 /* [CP] Check Pods Manifest.lock */ = {
			isa = PBXShellScriptBuildPhase;
			buildActionMask = 2147483647;
			files = (
			);
			inputFileListPaths = (
			);
			inputPaths = (
				"${PODS_PODFILE_DIR_PATH}/Podfile.lock",
				"${PODS_ROOT}/Manifest.lock",
			);
			name = "[CP] Check Pods Manifest.lock";
			outputFileListPaths = (
			);
			outputPaths = (
				"$(DERIVED_FILE_DIR)/Pods-football-iOSTests-checkManifestLockResult.txt",
			);
			runOnlyForDeploymentPostprocessing = 0;
			shellPath = /bin/sh;
			shellScript = "diff \"${PODS_PODFILE_DIR_PATH}/Podfile.lock\" \"${PODS_ROOT}/Manifest.lock\" > /dev/null\nif [ $? != 0 ] ; then\n    # print error to STDERR\n    echo \"error: The sandbox is not in sync with the Podfile.lock. Run 'pod install' or update your CocoaPods installation.\" >&2\n    exit 1\nfi\n# This output is used by Xcode 'outputs' to avoid re-running this script phase.\necho \"SUCCESS\" > \"${SCRIPT_OUTPUT_FILE_0}\"\n";
			showEnvVarsInLog = 0;
		};
		E34847ABDCABF28242FDF90C /* [CP] Embed Pods Frameworks */ = {
			isa = PBXShellScriptBuildPhase;
			buildActionMask = 2147483647;
			files = (
			);
			inputFileListPaths = (
			);
			inputPaths = (
				"${SRCROOT}/Pods/Target Support Files/Pods-football-iOS/Pods-football-iOS-frameworks.sh",
				"${BUILT_PRODUCTS_DIR}/APIKit/APIKit.framework",
				"${BUILT_PRODUCTS_DIR}/Differentiator/Differentiator.framework",
				"${BUILT_PRODUCTS_DIR}/FLAnimatedImage/FLAnimatedImage.framework",
				"${BUILT_PRODUCTS_DIR}/Instantiate/Instantiate.framework",
				"${BUILT_PRODUCTS_DIR}/InstantiateStandard/InstantiateStandard.framework",
				"${BUILT_PRODUCTS_DIR}/PINCache/PINCache.framework",
				"${BUILT_PRODUCTS_DIR}/PINRemoteImage/PINRemoteImage.framework",
				"${BUILT_PRODUCTS_DIR}/PocketSVG/PocketSVG.framework",
				"${BUILT_PRODUCTS_DIR}/RxCocoa/RxCocoa.framework",
				"${BUILT_PRODUCTS_DIR}/RxDataSources/RxDataSources.framework",
				"${BUILT_PRODUCTS_DIR}/RxRelay/RxRelay.framework",
				"${BUILT_PRODUCTS_DIR}/RxSwift/RxSwift.framework",
			);
			name = "[CP] Embed Pods Frameworks";
			outputFileListPaths = (
			);
			outputPaths = (
				"${TARGET_BUILD_DIR}/${FRAMEWORKS_FOLDER_PATH}/APIKit.framework",
				"${TARGET_BUILD_DIR}/${FRAMEWORKS_FOLDER_PATH}/Differentiator.framework",
				"${TARGET_BUILD_DIR}/${FRAMEWORKS_FOLDER_PATH}/FLAnimatedImage.framework",
				"${TARGET_BUILD_DIR}/${FRAMEWORKS_FOLDER_PATH}/Instantiate.framework",
				"${TARGET_BUILD_DIR}/${FRAMEWORKS_FOLDER_PATH}/InstantiateStandard.framework",
				"${TARGET_BUILD_DIR}/${FRAMEWORKS_FOLDER_PATH}/PINCache.framework",
				"${TARGET_BUILD_DIR}/${FRAMEWORKS_FOLDER_PATH}/PINRemoteImage.framework",
				"${TARGET_BUILD_DIR}/${FRAMEWORKS_FOLDER_PATH}/PocketSVG.framework",
				"${TARGET_BUILD_DIR}/${FRAMEWORKS_FOLDER_PATH}/RxCocoa.framework",
				"${TARGET_BUILD_DIR}/${FRAMEWORKS_FOLDER_PATH}/RxDataSources.framework",
				"${TARGET_BUILD_DIR}/${FRAMEWORKS_FOLDER_PATH}/RxRelay.framework",
				"${TARGET_BUILD_DIR}/${FRAMEWORKS_FOLDER_PATH}/RxSwift.framework",
			);
			runOnlyForDeploymentPostprocessing = 0;
			shellPath = /bin/sh;
			shellScript = "\"${SRCROOT}/Pods/Target Support Files/Pods-football-iOS/Pods-football-iOS-frameworks.sh\"\n";
			showEnvVarsInLog = 0;
		};
/* End PBXShellScriptBuildPhase section */

/* Begin PBXSourcesBuildPhase section */
		AEE2700B2267239E00BF4A3A /* Sources */ = {
			isa = PBXSourcesBuildPhase;
			buildActionMask = 2147483647;
			files = (
				AE9027E122D1048C007CC378 /* TeamDetailDataProvider.swift in Sources */,
				AE9027E522D184DF007CC378 /* AIView.swift in Sources */,
				AE9027C522D09E4D007CC378 /* UIImageView+Ex.swift in Sources */,
				AE9027BE22D083DC007CC378 /* Team.swift in Sources */,
				AEE270462267241700BF4A3A /* SportTalkListCell.swift in Sources */,
				AEE270432267241700BF4A3A /* SportTalkListViewModel.swift in Sources */,
				AE9027DF22D10458007CC378 /* TeamDetailViewModel.swift in Sources */,
				AEE270132267239E00BF4A3A /* AppDelegate.swift in Sources */,
				AE9027D222D0A726007CC378 /* TeamDetailHeaderView.swift in Sources */,
				AE9027B922D082F2007CC378 /* TeamResponse.swift in Sources */,
				AE9027CE22D0A517007CC378 /* TeamDetailViewController.swift in Sources */,
				AE9027DC22D10214007CC378 /* PlayerCell.swift in Sources */,
				AE9027BB22D08389007CC378 /* TeamRequest.swift in Sources */,
				AEE2701B2267239E00BF4A3A /* football_iOS.xcdatamodeld in Sources */,
				AEE270422267241700BF4A3A /* SportsTalkDataProvider.swift in Sources */,
				AE9027C022D08959007CC378 /* APIRequest.swift in Sources */,
				AE9027C222D08FA1007CC378 /* ApiRequest.swift in Sources */,
				AE9027D822D0FFCB007CC378 /* Player.swift in Sources */,
				AEE270452267241700BF4A3A /* SportTalkListViewController.swift in Sources */,
			);
			runOnlyForDeploymentPostprocessing = 0;
		};
		AEE270222267239F00BF4A3A /* Sources */ = {
			isa = PBXSourcesBuildPhase;
			buildActionMask = 2147483647;
			files = (
				AEE2702B2267239F00BF4A3A /* football_iOSTests.swift in Sources */,
			);
			runOnlyForDeploymentPostprocessing = 0;
		};
/* End PBXSourcesBuildPhase section */

/* Begin PBXTargetDependency section */
		AEE270282267239F00BF4A3A /* PBXTargetDependency */ = {
			isa = PBXTargetDependency;
			target = AEE2700E2267239E00BF4A3A /* football-iOS */;
			targetProxy = AEE270272267239F00BF4A3A /* PBXContainerItemProxy */;
		};
/* End PBXTargetDependency section */

/* Begin XCBuildConfiguration section */
		AEE2702D2267239F00BF4A3A /* Debug */ = {
			isa = XCBuildConfiguration;
			buildSettings = {
				ALWAYS_SEARCH_USER_PATHS = NO;
				CLANG_ANALYZER_NONNULL = YES;
				CLANG_ANALYZER_NUMBER_OBJECT_CONVERSION = YES_AGGRESSIVE;
				CLANG_CXX_LANGUAGE_STANDARD = "gnu++14";
				CLANG_CXX_LIBRARY = "libc++";
				CLANG_ENABLE_MODULES = YES;
				CLANG_ENABLE_OBJC_ARC = YES;
				CLANG_ENABLE_OBJC_WEAK = YES;
				CLANG_WARN_BLOCK_CAPTURE_AUTORELEASING = YES;
				CLANG_WARN_BOOL_CONVERSION = YES;
				CLANG_WARN_COMMA = YES;
				CLANG_WARN_CONSTANT_CONVERSION = YES;
				CLANG_WARN_DEPRECATED_OBJC_IMPLEMENTATIONS = YES;
				CLANG_WARN_DIRECT_OBJC_ISA_USAGE = YES_ERROR;
				CLANG_WARN_DOCUMENTATION_COMMENTS = YES;
				CLANG_WARN_EMPTY_BODY = YES;
				CLANG_WARN_ENUM_CONVERSION = YES;
				CLANG_WARN_INFINITE_RECURSION = YES;
				CLANG_WARN_INT_CONVERSION = YES;
				CLANG_WARN_NON_LITERAL_NULL_CONVERSION = YES;
				CLANG_WARN_OBJC_IMPLICIT_RETAIN_SELF = YES;
				CLANG_WARN_OBJC_LITERAL_CONVERSION = YES;
				CLANG_WARN_OBJC_ROOT_CLASS = YES_ERROR;
				CLANG_WARN_RANGE_LOOP_ANALYSIS = YES;
				CLANG_WARN_STRICT_PROTOTYPES = YES;
				CLANG_WARN_SUSPICIOUS_MOVE = YES;
				CLANG_WARN_UNGUARDED_AVAILABILITY = YES_AGGRESSIVE;
				CLANG_WARN_UNREACHABLE_CODE = YES;
				CLANG_WARN__DUPLICATE_METHOD_MATCH = YES;
				CODE_SIGN_IDENTITY = "iPhone Developer";
				COPY_PHASE_STRIP = NO;
				DEBUG_INFORMATION_FORMAT = dwarf;
				ENABLE_STRICT_OBJC_MSGSEND = YES;
				ENABLE_TESTABILITY = YES;
				GCC_C_LANGUAGE_STANDARD = gnu11;
				GCC_DYNAMIC_NO_PIC = NO;
				GCC_NO_COMMON_BLOCKS = YES;
				GCC_OPTIMIZATION_LEVEL = 0;
				GCC_PREPROCESSOR_DEFINITIONS = (
					"DEBUG=1",
					"$(inherited)",
				);
				GCC_WARN_64_TO_32_BIT_CONVERSION = YES;
				GCC_WARN_ABOUT_RETURN_TYPE = YES_ERROR;
				GCC_WARN_UNDECLARED_SELECTOR = YES;
				GCC_WARN_UNINITIALIZED_AUTOS = YES_AGGRESSIVE;
				GCC_WARN_UNUSED_FUNCTION = YES;
				GCC_WARN_UNUSED_VARIABLE = YES;
				IPHONEOS_DEPLOYMENT_TARGET = 12.2;
				MTL_ENABLE_DEBUG_INFO = INCLUDE_SOURCE;
				MTL_FAST_MATH = YES;
				ONLY_ACTIVE_ARCH = YES;
				SDKROOT = iphoneos;
				SWIFT_ACTIVE_COMPILATION_CONDITIONS = DEBUG;
				SWIFT_OPTIMIZATION_LEVEL = "-Onone";
			};
			name = Debug;
		};
		AEE2702E2267239F00BF4A3A /* Release */ = {
			isa = XCBuildConfiguration;
			buildSettings = {
				ALWAYS_SEARCH_USER_PATHS = NO;
				CLANG_ANALYZER_NONNULL = YES;
				CLANG_ANALYZER_NUMBER_OBJECT_CONVERSION = YES_AGGRESSIVE;
				CLANG_CXX_LANGUAGE_STANDARD = "gnu++14";
				CLANG_CXX_LIBRARY = "libc++";
				CLANG_ENABLE_MODULES = YES;
				CLANG_ENABLE_OBJC_ARC = YES;
				CLANG_ENABLE_OBJC_WEAK = YES;
				CLANG_WARN_BLOCK_CAPTURE_AUTORELEASING = YES;
				CLANG_WARN_BOOL_CONVERSION = YES;
				CLANG_WARN_COMMA = YES;
				CLANG_WARN_CONSTANT_CONVERSION = YES;
				CLANG_WARN_DEPRECATED_OBJC_IMPLEMENTATIONS = YES;
				CLANG_WARN_DIRECT_OBJC_ISA_USAGE = YES_ERROR;
				CLANG_WARN_DOCUMENTATION_COMMENTS = YES;
				CLANG_WARN_EMPTY_BODY = YES;
				CLANG_WARN_ENUM_CONVERSION = YES;
				CLANG_WARN_INFINITE_RECURSION = YES;
				CLANG_WARN_INT_CONVERSION = YES;
				CLANG_WARN_NON_LITERAL_NULL_CONVERSION = YES;
				CLANG_WARN_OBJC_IMPLICIT_RETAIN_SELF = YES;
				CLANG_WARN_OBJC_LITERAL_CONVERSION = YES;
				CLANG_WARN_OBJC_ROOT_CLASS = YES_ERROR;
				CLANG_WARN_RANGE_LOOP_ANALYSIS = YES;
				CLANG_WARN_STRICT_PROTOTYPES = YES;
				CLANG_WARN_SUSPICIOUS_MOVE = YES;
				CLANG_WARN_UNGUARDED_AVAILABILITY = YES_AGGRESSIVE;
				CLANG_WARN_UNREACHABLE_CODE = YES;
				CLANG_WARN__DUPLICATE_METHOD_MATCH = YES;
				CODE_SIGN_IDENTITY = "iPhone Developer";
				COPY_PHASE_STRIP = NO;
				DEBUG_INFORMATION_FORMAT = "dwarf-with-dsym";
				ENABLE_NS_ASSERTIONS = NO;
				ENABLE_STRICT_OBJC_MSGSEND = YES;
				GCC_C_LANGUAGE_STANDARD = gnu11;
				GCC_NO_COMMON_BLOCKS = YES;
				GCC_WARN_64_TO_32_BIT_CONVERSION = YES;
				GCC_WARN_ABOUT_RETURN_TYPE = YES_ERROR;
				GCC_WARN_UNDECLARED_SELECTOR = YES;
				GCC_WARN_UNINITIALIZED_AUTOS = YES_AGGRESSIVE;
				GCC_WARN_UNUSED_FUNCTION = YES;
				GCC_WARN_UNUSED_VARIABLE = YES;
				IPHONEOS_DEPLOYMENT_TARGET = 12.2;
				MTL_ENABLE_DEBUG_INFO = NO;
				MTL_FAST_MATH = YES;
				SDKROOT = iphoneos;
				SWIFT_COMPILATION_MODE = wholemodule;
				SWIFT_OPTIMIZATION_LEVEL = "-O";
				VALIDATE_PRODUCT = YES;
			};
			name = Release;
		};
		AEE270302267239F00BF4A3A /* Debug */ = {
			isa = XCBuildConfiguration;
			baseConfigurationReference = 59152F3130019417C7AE78D5 /* Pods-football-iOS.debug.xcconfig */;
			buildSettings = {
				ASSETCATALOG_COMPILER_APPICON_NAME = AppIcon;
				CODE_SIGN_STYLE = Automatic;
				DEVELOPMENT_TEAM = FQU8548K3T;
				INFOPLIST_FILE = "football-iOS/Info.plist";
				LD_RUNPATH_SEARCH_PATHS = (
					"$(inherited)",
					"@executable_path/Frameworks",
				);
				PRODUCT_BUNDLE_IDENTIFIER = "com.entaku.football-iOS";
				PRODUCT_NAME = "$(TARGET_NAME)";
				SWIFT_VERSION = 5.0;
				TARGETED_DEVICE_FAMILY = "1,2";
			};
			name = Debug;
		};
		AEE270312267239F00BF4A3A /* Release */ = {
			isa = XCBuildConfiguration;
			baseConfigurationReference = 08A1CC18BCB77CB2432F3914 /* Pods-football-iOS.release.xcconfig */;
			buildSettings = {
				ASSETCATALOG_COMPILER_APPICON_NAME = AppIcon;
				CODE_SIGN_STYLE = Automatic;
				DEVELOPMENT_TEAM = FQU8548K3T;
				INFOPLIST_FILE = "football-iOS/Info.plist";
				LD_RUNPATH_SEARCH_PATHS = (
					"$(inherited)",
					"@executable_path/Frameworks",
				);
				PRODUCT_BUNDLE_IDENTIFIER = "com.entaku.football-iOS";
				PRODUCT_NAME = "$(TARGET_NAME)";
				SWIFT_VERSION = 5.0;
				TARGETED_DEVICE_FAMILY = "1,2";
			};
			name = Release;
		};
		AEE270332267239F00BF4A3A /* Debug */ = {
			isa = XCBuildConfiguration;
			baseConfigurationReference = 1BF9EFB09D966C9D0A103986 /* Pods-football-iOSTests.debug.xcconfig */;
			buildSettings = {
				ALWAYS_EMBED_SWIFT_STANDARD_LIBRARIES = YES;
				BUNDLE_LOADER = "$(TEST_HOST)";
				CODE_SIGN_STYLE = Automatic;
				DEVELOPMENT_TEAM = FQU8548K3T;
				INFOPLIST_FILE = "football-iOSTests/Info.plist";
				LD_RUNPATH_SEARCH_PATHS = (
					"$(inherited)",
					"@executable_path/Frameworks",
					"@loader_path/Frameworks",
				);
				PRODUCT_BUNDLE_IDENTIFIER = "com.entaku.football-iOSTests";
				PRODUCT_NAME = "$(TARGET_NAME)";
				SWIFT_VERSION = 5.0;
				TARGETED_DEVICE_FAMILY = "1,2";
				TEST_HOST = "$(BUILT_PRODUCTS_DIR)/football-iOS.app/football-iOS";
			};
			name = Debug;
		};
		AEE270342267239F00BF4A3A /* Release */ = {
			isa = XCBuildConfiguration;
			baseConfigurationReference = CB74C4C502D8247B409D528E /* Pods-football-iOSTests.release.xcconfig */;
			buildSettings = {
				ALWAYS_EMBED_SWIFT_STANDARD_LIBRARIES = YES;
				BUNDLE_LOADER = "$(TEST_HOST)";
				CODE_SIGN_STYLE = Automatic;
				DEVELOPMENT_TEAM = FQU8548K3T;
				INFOPLIST_FILE = "football-iOSTests/Info.plist";
				LD_RUNPATH_SEARCH_PATHS = (
					"$(inherited)",
					"@executable_path/Frameworks",
					"@loader_path/Frameworks",
				);
				PRODUCT_BUNDLE_IDENTIFIER = "com.entaku.football-iOSTests";
				PRODUCT_NAME = "$(TARGET_NAME)";
				SWIFT_VERSION = 5.0;
				TARGETED_DEVICE_FAMILY = "1,2";
				TEST_HOST = "$(BUILT_PRODUCTS_DIR)/football-iOS.app/football-iOS";
			};
			name = Release;
		};
/* End XCBuildConfiguration section */

/* Begin XCConfigurationList section */
		AEE2700A2267239E00BF4A3A /* Build configuration list for PBXProject "football-iOS" */ = {
			isa = XCConfigurationList;
			buildConfigurations = (
				AEE2702D2267239F00BF4A3A /* Debug */,
				AEE2702E2267239F00BF4A3A /* Release */,
			);
			defaultConfigurationIsVisible = 0;
			defaultConfigurationName = Release;
		};
		AEE2702F2267239F00BF4A3A /* Build configuration list for PBXNativeTarget "football-iOS" */ = {
			isa = XCConfigurationList;
			buildConfigurations = (
				AEE270302267239F00BF4A3A /* Debug */,
				AEE270312267239F00BF4A3A /* Release */,
			);
			defaultConfigurationIsVisible = 0;
			defaultConfigurationName = Release;
		};
		AEE270322267239F00BF4A3A /* Build configuration list for PBXNativeTarget "football-iOSTests" */ = {
			isa = XCConfigurationList;
			buildConfigurations = (
				AEE270332267239F00BF4A3A /* Debug */,
				AEE270342267239F00BF4A3A /* Release */,
			);
			defaultConfigurationIsVisible = 0;
			defaultConfigurationName = Release;
		};
/* End XCConfigurationList section */

/* Begin XCVersionGroup section */
		AEE270192267239E00BF4A3A /* football_iOS.xcdatamodeld */ = {
			isa = XCVersionGroup;
			children = (
				AEE2701A2267239E00BF4A3A /* football_iOS.xcdatamodel */,
			);
			currentVersion = AEE2701A2267239E00BF4A3A /* football_iOS.xcdatamodel */;
			path = football_iOS.xcdatamodeld;
			sourceTree = "<group>";
			versionGroupType = wrapper.xcdatamodel;
		};
/* End XCVersionGroup section */
	};
	rootObject = AEE270072267239E00BF4A3A /* Project object */;
}
